
Microsoft Visual Studio Solution File, Format Version 12.00
# Visual Studio 2012
Project("{FAE04EC0-301F-11D3-BF4B-00C04F79EFBC}") = "Web", "Web\Web.csproj", "{21D433BB-D357-46B2-A278-70854459EF1F}"
EndProject
Project("{FAE04EC0-301F-11D3-BF4B-00C04F79EFBC}") = "Authentication", "Authentication\Authentication.csproj", "{F97DF6A6-D433-4DFF-A695-D62AFFF983A8}"
EndProject
Project("{FAE04EC0-301F-11D3-BF4B-00C04F79EFBC}") = "Domain", "Domain\Domain.csproj", "{DC2DBDB0-FC38-4F9F-BA22-DEE421505905}"
EndProject
Project("{FAE04EC0-301F-11D3-BF4B-00C04F79EFBC}") = "Database", "Database\Database.csproj", "{14085DA7-85B8-4324-9916-104B29A58DCF}"
EndProject
Project("{FAE04EC0-301F-11D3-BF4B-00C04F79EFBC}") = "Events", "Events\Events.csproj", "{4A1EC6A5-EAF5-4F79-8F28-6A77741D53D1}"
EndProject
Project("{FAE04EC0-301F-11D3-BF4B-00C04F79EFBC}") = "Denormalizers", "Denormalizers\Denormalizers.csproj", "{E56F2A1A-B69E-4A78-95CB-7C0CE923CEA9}"
EndProject
Project("{FAE04EC0-301F-11D3-BF4B-00C04F79EFBC}") = "Email", "Email\Email.csproj", "{1FA41132-221C-47A3-A0A7-8EDE598B49F1}"
EndProject
Project("{FAE04EC0-301F-11D3-BF4B-00C04F79EFBC}") = "Utilities", "Utilities\Utilities.csproj", "{97887799-B126-44D6-8240-191097F4BE44}"
EndProject
Project("{FAE04EC0-301F-11D3-BF4B-00C04F79EFBC}") = "Attributes", "Attributes\Attributes.csproj", "{71DB18BA-98C0-4B18-BBF5-990B64C56128}"
EndProject
Project("{FAE04EC0-301F-11D3-BF4B-00C04F79EFBC}") = "Cms", "..\Cms\Cms.csproj", "{2E8FF82E-452D-48E5-A352-BA8D34D0A791}"
EndProject
Project("{FAE04EC0-301F-11D3-BF4B-00C04F79EFBC}") = "Commands", "Commands\Commands.csproj", "{1AD6E097-3F2D-4A10-BCC4-6D22F8C6B514}"
EndProject
Project("{FAE04EC0-301F-11D3-BF4B-00C04F79EFBC}") = "CommandHandlers", "CommandHandler\CommandHandlers.csproj", "{6463DB4F-EC2E-4150-8510-2B0B3545E626}"
EndProject
Project("{FAE04EC0-301F-11D3-BF4B-00C04F79EFBC}") = "CommandBus", "CommandBus\CommandBus.csproj", "{6C0F389A-8D02-4BE4-89F9-8F7F21B13C14}"
EndProject
Project("{FAE04EC0-301F-11D3-BF4B-00C04F79EFBC}") = "CmsDomain", "CmsDomain\CmsDomain.csproj", "{6B06FB00-5975-466C-B9EE-0C10F96833DF}"
EndProject
Project("{FAE04EC0-301F-11D3-BF4B-00C04F79EFBC}") = "Entities", "Entities\Entities.csproj", "{ACE16852-CC69-4E73-9304-13973978ED9F}"
EndProject
Project("{FAE04EC0-301F-11D3-BF4B-00C04F79EFBC}") = "Hubs", "Hubs\Hubs.csproj", "{FF2D04F8-3BBF-4F76-B36C-99327BE92EC8}"
EndProject
Global
	GlobalSection(SolutionConfigurationPlatforms) = preSolution
		Debug|Any CPU = Debug|Any CPU
		Release|Any CPU = Release|Any CPU
	EndGlobalSection
	GlobalSection(ProjectConfigurationPlatforms) = postSolution
		{21D433BB-D357-46B2-A278-70854459EF1F}.Debug|Any CPU.ActiveCfg = Debug|Any CPU
		{21D433BB-D357-46B2-A278-70854459EF1F}.Debug|Any CPU.Build.0 = Debug|Any CPU
		{21D433BB-D357-46B2-A278-70854459EF1F}.Release|Any CPU.ActiveCfg = Release|Any CPU
		{21D433BB-D357-46B2-A278-70854459EF1F}.Release|Any CPU.Build.0 = Release|Any CPU
		{F97DF6A6-D433-4DFF-A695-D62AFFF983A8}.Debug|Any CPU.ActiveCfg = Debug|Any CPU
		{F97DF6A6-D433-4DFF-A695-D62AFFF983A8}.Debug|Any CPU.Build.0 = Debug|Any CPU
		{F97DF6A6-D433-4DFF-A695-D62AFFF983A8}.Release|Any CPU.ActiveCfg = Release|Any CPU
		{F97DF6A6-D433-4DFF-A695-D62AFFF983A8}.Release|Any CPU.Build.0 = Release|Any CPU
		{DC2DBDB0-FC38-4F9F-BA22-DEE421505905}.Debug|Any CPU.ActiveCfg = Debug|Any CPU
		{DC2DBDB0-FC38-4F9F-BA22-DEE421505905}.Debug|Any CPU.Build.0 = Debug|Any CPU
		{DC2DBDB0-FC38-4F9F-BA22-DEE421505905}.Release|Any CPU.ActiveCfg = Release|Any CPU
		{DC2DBDB0-FC38-4F9F-BA22-DEE421505905}.Release|Any CPU.Build.0 = Release|Any CPU
		{14085DA7-85B8-4324-9916-104B29A58DCF}.Debug|Any CPU.ActiveCfg = Debug|Any CPU
		{14085DA7-85B8-4324-9916-104B29A58DCF}.Debug|Any CPU.Build.0 = Debug|Any CPU
		{14085DA7-85B8-4324-9916-104B29A58DCF}.Release|Any CPU.ActiveCfg = Release|Any CPU
		{14085DA7-85B8-4324-9916-104B29A58DCF}.Release|Any CPU.Build.0 = Release|Any CPU
		{4A1EC6A5-EAF5-4F79-8F28-6A77741D53D1}.Debug|Any CPU.ActiveCfg = Debug|Any CPU
		{4A1EC6A5-EAF5-4F79-8F28-6A77741D53D1}.Debug|Any CPU.Build.0 = Debug|Any CPU
		{4A1EC6A5-EAF5-4F79-8F28-6A77741D53D1}.Release|Any CPU.ActiveCfg = Release|Any CPU
		{4A1EC6A5-EAF5-4F79-8F28-6A77741D53D1}.Release|Any CPU.Build.0 = Release|Any CPU
		{E56F2A1A-B69E-4A78-95CB-7C0CE923CEA9}.Debug|Any CPU.ActiveCfg = Debug|Any CPU
		{E56F2A1A-B69E-4A78-95CB-7C0CE923CEA9}.Debug|Any CPU.Build.0 = Debug|Any CPU
		{E56F2A1A-B69E-4A78-95CB-7C0CE923CEA9}.Release|Any CPU.ActiveCfg = Release|Any CPU
		{E56F2A1A-B69E-4A78-95CB-7C0CE923CEA9}.Release|Any CPU.Build.0 = Release|Any CPU
		{1FA41132-221C-47A3-A0A7-8EDE598B49F1}.Debug|Any CPU.ActiveCfg = Debug|Any CPU
		{1FA41132-221C-47A3-A0A7-8EDE598B49F1}.Debug|Any CPU.Build.0 = Debug|Any CPU
		{1FA41132-221C-47A3-A0A7-8EDE598B49F1}.Release|Any CPU.ActiveCfg = Release|Any CPU
		{1FA41132-221C-47A3-A0A7-8EDE598B49F1}.Release|Any CPU.Build.0 = Release|Any CPU
		{97887799-B126-44D6-8240-191097F4BE44}.Debug|Any CPU.ActiveCfg = Debug|Any CPU
		{97887799-B126-44D6-8240-191097F4BE44}.Debug|Any CPU.Build.0 = Debug|Any CPU
		{97887799-B126-44D6-8240-191097F4BE44}.Release|Any CPU.ActiveCfg = Release|Any CPU
		{97887799-B126-44D6-8240-191097F4BE44}.Release|Any CPU.Build.0 = Release|Any CPU
		{71DB18BA-98C0-4B18-BBF5-990B64C56128}.Debug|Any CPU.ActiveCfg = Debug|Any CPU
		{71DB18BA-98C0-4B18-BBF5-990B64C56128}.Debug|Any CPU.Build.0 = Debug|Any CPU
		{71DB18BA-98C0-4B18-BBF5-990B64C56128}.Release|Any CPU.ActiveCfg = Release|Any CPU
		{71DB18BA-98C0-4B18-BBF5-990B64C56128}.Release|Any CPU.Build.0 = Release|Any CPU
		{2E8FF82E-452D-48E5-A352-BA8D34D0A791}.Debug|Any CPU.ActiveCfg = Debug|Any CPU
		{2E8FF82E-452D-48E5-A352-BA8D34D0A791}.Debug|Any CPU.Build.0 = Debug|Any CPU
		{2E8FF82E-452D-48E5-A352-BA8D34D0A791}.Release|Any CPU.ActiveCfg = Release|Any CPU
		{2E8FF82E-452D-48E5-A352-BA8D34D0A791}.Release|Any CPU.Build.0 = Release|Any CPU
		{1AD6E097-3F2D-4A10-BCC4-6D22F8C6B514}.Debug|Any CPU.ActiveCfg = Debug|Any CPU
		{1AD6E097-3F2D-4A10-BCC4-6D22F8C6B514}.Debug|Any CPU.Build.0 = Debug|Any CPU
		{1AD6E097-3F2D-4A10-BCC4-6D22F8C6B514}.Release|Any CPU.ActiveCfg = Release|Any CPU
		{1AD6E097-3F2D-4A10-BCC4-6D22F8C6B514}.Release|Any CPU.Build.0 = Release|Any CPU
		{6463DB4F-EC2E-4150-8510-2B0B3545E626}.Debug|Any CPU.ActiveCfg = Debug|Any CPU
		{6463DB4F-EC2E-4150-8510-2B0B3545E626}.Debug|Any CPU.Build.0 = Debug|Any CPU
		{6463DB4F-EC2E-4150-8510-2B0B3545E626}.Release|Any CPU.ActiveCfg = Release|Any CPU
		{6463DB4F-EC2E-4150-8510-2B0B3545E626}.Release|Any CPU.Build.0 = Release|Any CPU
		{6C0F389A-8D02-4BE4-89F9-8F7F21B13C14}.Debug|Any CPU.ActiveCfg = Debug|Any CPU
		{6C0F389A-8D02-4BE4-89F9-8F7F21B13C14}.Debug|Any CPU.Build.0 = Debug|Any CPU
		{6C0F389A-8D02-4BE4-89F9-8F7F21B13C14}.Release|Any CPU.ActiveCfg = Release|Any CPU
		{6C0F389A-8D02-4BE4-89F9-8F7F21B13C14}.Release|Any CPU.Build.0 = Release|Any CPU
		{6B06FB00-5975-466C-B9EE-0C10F96833DF}.Debug|Any CPU.ActiveCfg = Debug|Any CPU
		{6B06FB00-5975-466C-B9EE-0C10F96833DF}.Debug|Any CPU.Build.0 = Debug|Any CPU
		{6B06FB00-5975-466C-B9EE-0C10F96833DF}.Release|Any CPU.ActiveCfg = Release|Any CPU
		{6B06FB00-5975-466C-B9EE-0C10F96833DF}.Release|Any CPU.Build.0 = Release|Any CPU
		{ACE16852-CC69-4E73-9304-13973978ED9F}.Debug|Any CPU.ActiveCfg = Debug|Any CPU
		{ACE16852-CC69-4E73-9304-13973978ED9F}.Debug|Any CPU.Build.0 = Debug|Any CPU
		{ACE16852-CC69-4E73-9304-13973978ED9F}.Release|Any CPU.ActiveCfg = Release|Any CPU
		{ACE16852-CC69-4E73-9304-13973978ED9F}.Release|Any CPU.Build.0 = Release|Any CPU
		{FF2D04F8-3BBF-4F76-B36C-99327BE92EC8}.Debug|Any CPU.ActiveCfg = Debug|Any CPU
		{FF2D04F8-3BBF-4F76-B36C-99327BE92EC8}.Debug|Any CPU.Build.0 = Debug|Any CPU
		{FF2D04F8-3BBF-4F76-B36C-99327BE92EC8}.Release|Any CPU.ActiveCfg = Release|Any CPU
		{FF2D04F8-3BBF-4F76-B36C-99327BE92EC8}.Release|Any CPU.Build.0 = Release|Any CPU
	EndGlobalSection
	GlobalSection(SolutionProperties) = preSolution
		HideSolutionNode = FALSE
	EndGlobalSection
	GlobalSection(Performance) = preSolution
		HasPerformanceSessions = true
	EndGlobalSection
EndGlobal
